
Microsoft Visual Studio Solution File, Format Version 12.00
# Visual Studio 15
VisualStudioVersion = 15.0.27703.2035
MinimumVisualStudioVersion = 10.0.40219.1
Project("{2150E333-8FDC-42A3-9474-1A3956D46DE8}") = "01 kintamieji", "01 kintamieji", "{AEB01C14-6FA6-4EBB-B578-709BF8761D79}"
EndProject
Project("{2150E333-8FDC-42A3-9474-1A3956D46DE8}") = "02 isvedimas", "02 isvedimas", "{EB130950-F0F6-443C-88B4-DDD6A053EF09}"
EndProject
Project("{2150E333-8FDC-42A3-9474-1A3956D46DE8}") = "03 aritmetiniai  veiksmai", "03 aritmetiniai  veiksmai", "{1D48DF5C-0C34-4455-B5C1-CEE66176A3E6}"
EndProject
Project("{2150E333-8FDC-42A3-9474-1A3956D46DE8}") = "04 ivedimas", "04 ivedimas", "{C680A293-E282-4AE5-A356-E3D55D9FA545}"
EndProject
Project("{FAE04EC0-301F-11D3-BF4B-00C04F79EFBC}") = "01-01 pavyzdziai", "01-01 pavyzdziai\01-01 pavyzdziai.csproj", "{8B437F17-57E2-4AEC-BD40-2529DF64C78F}"
EndProject
Project("{FAE04EC0-301F-11D3-BF4B-00C04F79EFBC}") = "01-02 uzduotis", "01-02 uzduotis\01-02 uzduotis.csproj", "{1618C17D-6772-4DDF-80A6-E9282146834A}"
EndProject
Project("{FAE04EC0-301F-11D3-BF4B-00C04F79EFBC}") = "02-00 pavyzdziai", "02-00 pavyzdziai\02-00 pavyzdziai.csproj", "{C0F2B8D2-54E6-45CB-A5E1-9AC8BE2B32FA}"
EndProject
Project("{FAE04EC0-301F-11D3-BF4B-00C04F79EFBC}") = "02-01 uzduotis", "02-01 uzduotis\02-01 uzduotis.csproj", "{330039DD-CC56-405B-A202-881DA098613A}"
EndProject
Project("{FAE04EC0-301F-11D3-BF4B-00C04F79EFBC}") = "02-02 uzduotis", "02-02 uzduotis\02-02 uzduotis.csproj", "{6B847C4C-87A5-4150-A620-3F2B8F378596}"
EndProject
Project("{FAE04EC0-301F-11D3-BF4B-00C04F79EFBC}") = "03-00 pavyzdziai", "03-00 pavyzdziai\03-00 pavyzdziai.csproj", "{A098D2B4-A3A6-4B47-95B2-7787215ED073}"
EndProject
Project("{FAE04EC0-301F-11D3-BF4B-00C04F79EFBC}") = "03-01 uzduotis", "03-01 uzduotis\03-01 uzduotis.csproj", "{8C55213F-E3AD-4C63-B4CB-799F7A09EB24}"
EndProject
Project("{FAE04EC0-301F-11D3-BF4B-00C04F79EFBC}") = "03-02 uzduotis", "03-02 uzduotis\03-02 uzduotis.csproj", "{6F9C1F0F-40E8-404F-BDD8-A2664C052421}"
EndProject
Project("{FAE04EC0-301F-11D3-BF4B-00C04F79EFBC}") = "03-03 uzduotis", "03-03 uzduotis\03-03 uzduotis.csproj", "{3AF1A899-44AA-4788-B54B-EA45AB7B8D4B}"
EndProject
Project("{FAE04EC0-301F-11D3-BF4B-00C04F79EFBC}") = "03-04 uzduotis", "03-04 uzduotis\03-04 uzduotis.csproj", "{E369F23A-B2A7-400C-948E-D47480104D03}"
EndProject
Project("{FAE04EC0-301F-11D3-BF4B-00C04F79EFBC}") = "03-05 uzduotis", "03-05 uzduotis\03-05 uzduotis.csproj", "{5784B9DB-6AAA-4052-9C1F-A0330115AE5B}"
EndProject
Project("{FAE04EC0-301F-11D3-BF4B-00C04F79EFBC}") = "03-06 uzduotis", "036-06 uzduotis\03-06 uzduotis.csproj", "{F80DCD9C-E705-4CE9-A9CC-8E5E351FB25E}"
EndProject
Project("{FAE04EC0-301F-11D3-BF4B-00C04F79EFBC}") = "03-07 uzduotis", "03-07 uzduotis\03-07 uzduotis.csproj", "{E04BE85B-2091-4FBD-9409-759F9AC2B8F7}"
EndProject
Project("{FAE04EC0-301F-11D3-BF4B-00C04F79EFBC}") = "04-00 pavyzdziai", "04-00 pavyzdziai\04-00 pavyzdziai.csproj", "{F4C72AF0-F9AC-400B-8621-C179B1E0F3F2}"
EndProject
Project("{FAE04EC0-301F-11D3-BF4B-00C04F79EFBC}") = "04-01 uzduotis", "04-01 uzduotis\04-01 uzduotis.csproj", "{915AB070-BBD3-4B58-9EF8-4C3C7169C3B3}"
EndProject
Project("{FAE04EC0-301F-11D3-BF4B-00C04F79EFBC}") = "04-02 uzduotis", "04-02 uzduotis\04-02 uzduotis.csproj", "{BEF390B6-B6E5-4D85-A16D-F2D2DEF00B74}"
EndProject
Project("{FAE04EC0-301F-11D3-BF4B-00C04F79EFBC}") = "04-03 uzduotis", "04-03 uzduotis\04-03 uzduotis.csproj", "{729410AB-753A-4DC7-AA52-1378AEA093CD}"
EndProject
Project("{FAE04EC0-301F-11D3-BF4B-00C04F79EFBC}") = "04-04 uzduotis", "04-04 uzduotis\04-04 uzduotis.csproj", "{C6B15ED3-2CBC-4C1D-9533-0D18E539FCB2}"
EndProject
Project("{FAE04EC0-301F-11D3-BF4B-00C04F79EFBC}") = "04-05 uzduotis", "04-05 uzduotis\04-05 uzduotis.csproj", "{3DA1E822-313F-49BC-8152-5116AEA7668B}"
EndProject
Project("{FAE04EC0-301F-11D3-BF4B-00C04F79EFBC}") = "04-06 uzduotis", "04-06 uzduotis\04-06 uzduotis.csproj", "{C0D4BD14-2CEE-4C32-9B02-3454EF4E37DA}"
EndProject
Project("{FAE04EC0-301F-11D3-BF4B-00C04F79EFBC}") = "04-07 uzduotis", "04-07 uzduotis\04-07 uzduotis.csproj", "{2ED2FE15-61C4-4C9D-8433-518E84F891B8}"
EndProject
Project("{2150E333-8FDC-42A3-9474-1A3956D46DE8}") = "05 if salyga", "05 if salyga", "{4ED37EF1-4CED-489E-9A84-09C1B0DB4242}"
EndProject
Project("{FAE04EC0-301F-11D3-BF4B-00C04F79EFBC}") = "05.01 uzduotis", "05.01 uzduotis\05.01 uzduotis.csproj", "{897AF952-9B74-4D24-9691-43147F7E2F91}"
EndProject
Project("{FAE04EC0-301F-11D3-BF4B-00C04F79EFBC}") = "05-02 uzduotis", "05-02 uzduotis\05-02 uzduotis.csproj", "{B741F13D-FF35-44C4-A2DD-2053D1FAAE4A}"
EndProject
Project("{FAE04EC0-301F-11D3-BF4B-00C04F79EFBC}") = "05-03 uzduotis", "05-03 uzduotis\05-03 uzduotis.csproj", "{3805CD9B-8376-4B89-BFEB-F17E29B153B3}"
EndProject
Project("{FAE04EC0-301F-11D3-BF4B-00C04F79EFBC}") = "05-04 uzduotis", "05-04 uzduotis\05-04 uzduotis.csproj", "{01FF9157-BFF0-44BB-9DAD-927AEF9DA766}"
EndProject
Project("{FAE04EC0-301F-11D3-BF4B-00C04F79EFBC}") = "05.05 uzduoptis", "05.05 uzduoptis\05.05 uzduoptis.csproj", "{570C761C-E5EA-40BA-9F78-60FCEBD28ED2}"
EndProject
Project("{2150E333-8FDC-42A3-9474-1A3956D46DE8}") = "06 else if", "06 else if", "{E0FD97F4-1477-41CD-9E5F-A75922F563DD}"
EndProject
Project("{FAE04EC0-301F-11D3-BF4B-00C04F79EFBC}") = "06-03 uzduotis", "06-01\06-03 uzduotis.csproj", "{8A7F671F-9F3D-40E5-A072-E49D5F8744F4}"
EndProject
Project("{FAE04EC0-301F-11D3-BF4B-00C04F79EFBC}") = "07.01 uzduotis", "06.02 uzduotis\07.01 uzduotis.csproj", "{3D35B8A1-9454-4E2E-8CEB-B58452829042}"
EndProject
Project("{FAE04EC0-301F-11D3-BF4B-00C04F79EFBC}") = "06.02 uzduotis", "06.03 uzduotis\06.02 uzduotis.csproj", "{B95EF863-C5A0-417F-A317-FAF5BAF58D22}"
EndProject
Project("{FAE04EC0-301F-11D3-BF4B-00C04F79EFBC}") = "06-04 uzduotis", "ConsoleApp1\06-04 uzduotis.csproj", "{2E0E4AD9-861B-46FA-8DB4-E2A3B774799B}"
EndProject
Project("{2150E333-8FDC-42A3-9474-1A3956D46DE8}") = "namu darbai", "namu darbai", "{211A7BE8-513D-4759-8E51-AD79982E1288}"
EndProject
Project("{FAE04EC0-301F-11D3-BF4B-00C04F79EFBC}") = "MD-01", "MD-01\MD-01.csproj", "{43768B69-BAC8-4AA8-ACAD-8A304E4CA9D1}"
EndProject
Project("{2150E333-8FDC-42A3-9474-1A3956D46DE8}") = "07- else", "07- else", "{24BE9253-9506-43BE-BED4-7AF1523B13FE}"
EndProject
Project("{FAE04EC0-301F-11D3-BF4B-00C04F79EFBC}") = "07-01 uzduotis", "07-01 uzduotis\07-01 uzduotis.csproj", "{C5DAA86F-B2DB-4206-B438-01C65EF91AEE}"
EndProject
Project("{FAE04EC0-301F-11D3-BF4B-00C04F79EFBC}") = "07-02 uzduotis", "07-02 uzduotis\07-02 uzduotis.csproj", "{FAB98643-C3D4-45A2-97BA-010BF83E10A1}"
EndProject
Project("{FAE04EC0-301F-11D3-BF4B-00C04F79EFBC}") = "07-03 uzduotis", "07-03 uzduotis\07-03 uzduotis.csproj", "{B5D399A2-9EF3-43BE-8FBB-70F6E110784A}"
EndProject
Project("{FAE04EC0-301F-11D3-BF4B-00C04F79EFBC}") = "07-04 uzduotis", "07-04 uzduotis\07-04 uzduotis.csproj", "{95BBC4EB-5B9D-4903-A851-994AA3D696A7}"
EndProject
Project("{FAE04EC0-301F-11D3-BF4B-00C04F79EFBC}") = "07-05 uzduotis", "07-05 uzduotis\07-05 uzduotis.csproj", "{E16DB096-F7E1-4BC3-809A-0091F75A5947}"
EndProject
Project("{2150E333-8FDC-42A3-9474-1A3956D46DE8}") = "08- Switch", "08- Switch", "{16B4FBEC-598C-4F40-9299-BFB417A6D376}"
EndProject
Project("{FAE04EC0-301F-11D3-BF4B-00C04F79EFBC}") = "08-01 uzduotis", "08-01 uzduotis\08-01 uzduotis.csproj", "{FBAB38B0-0D04-4B82-BC89-30908F6EF6CB}"
EndProject
Project("{FAE04EC0-301F-11D3-BF4B-00C04F79EFBC}") = "08-02 uzduotis", "08-02 uzduotis\08-02 uzduotis.csproj", "{CA7514FD-C8B1-4015-BDB7-37F36CBDBECE}"
EndProject
Project("{FAE04EC0-301F-11D3-BF4B-00C04F79EFBC}") = "08-03 uzduotis", "08-03 uzduotis\08-03 uzduotis.csproj", "{9D1A2459-BFF6-4169-838D-537A4EA52FAD}"
EndProject
Project("{FAE04EC0-301F-11D3-BF4B-00C04F79EFBC}") = "08-04 uzduotis", "08-04 uzduotis\08-04 uzduotis.csproj", "{0A98DA4A-2E00-44BE-98EC-34F882C0327D}"
EndProject
Project("{2150E333-8FDC-42A3-9474-1A3956D46DE8}") = "Tarpine uzduotis", "Tarpine uzduotis", "{8239FF6B-C5DF-4C64-A222-F1E543FB79C5}"
EndProject
Project("{FAE04EC0-301F-11D3-BF4B-00C04F79EFBC}") = "tarpine uzduotis  - 1", "tarpine uzduotis  - 1\tarpine uzduotis  - 1.csproj", "{02F6DA5F-82A6-4257-9492-06DB92E86889}"
EndProject
Project("{2150E333-8FDC-42A3-9474-1A3956D46DE8}") = "09- ciklai", "09- ciklai", "{F39AEDD3-9D1E-4B72-8D25-A278B7334CF8}"
EndProject
Project("{FAE04EC0-301F-11D3-BF4B-00C04F79EFBC}") = "09-00 cilklas for", "09-00 cilklas for\09-00 cilklas for.csproj", "{AB7913E1-FAED-40D0-A357-5B61396BD82A}"
EndProject
Project("{FAE04EC0-301F-11D3-BF4B-00C04F79EFBC}") = "09.01 uzduotis", "09.01 uzduotis\09.01 uzduotis.csproj", "{9A7454E7-507F-475C-9313-AA33E5390EA4}"
EndProject
Project("{FAE04EC0-301F-11D3-BF4B-00C04F79EFBC}") = "09-02 uzduotis", "09-02 uzduotis\09-02 uzduotis.csproj", "{1987C8E4-2291-46D2-9ABA-5950CD4F6371}"
EndProject
Project("{FAE04EC0-301F-11D3-BF4B-00C04F79EFBC}") = "09-03 uzduotis", "09-03 uzduotis\09-03 uzduotis.csproj", "{05032879-04D9-4794-A809-55C0F72C03B2}"
EndProject
Project("{FAE04EC0-301F-11D3-BF4B-00C04F79EFBC}") = "09-04 uzduotis", "09-04 uzduotis\09-04 uzduotis.csproj", "{C05185A0-A0D7-4C5A-9385-DFB36DFE7340}"
EndProject
Project("{FAE04EC0-301F-11D3-BF4B-00C04F79EFBC}") = "09-05 uzduotys", "09-05 uzduotys\09-05 uzduotys.csproj", "{EAA46C91-165F-4264-81D5-3389CD10439A}"
EndProject
Project("{FAE04EC0-301F-11D3-BF4B-00C04F79EFBC}") = "09-06 uzduotis", "09-06 uzduotis\09-06 uzduotis.csproj", "{477DFC2D-F861-4B44-8494-B84EEA95D360}"
EndProject
Project("{FAE04EC0-301F-11D3-BF4B-00C04F79EFBC}") = "09-08 uzduotis", "09-08 uzduotis\09-08 uzduotis.csproj", "{7DA1B54A-25F0-481C-8FEC-0ED7763E830F}"
EndProject
Project("{2150E333-8FDC-42A3-9474-1A3956D46DE8}") = "12 pakartojimas", "12 pakartojimas", "{0CF1A3E8-1DF5-4078-8AE5-633DC597C0BC}"
EndProject
Project("{FAE04EC0-301F-11D3-BF4B-00C04F79EFBC}") = "12-01 pakartojimas", "12-01 pakartojimas\12-01 pakartojimas.csproj", "{C5D8E02C-CA88-4E73-92A6-B16239CAAB9A}"
EndProject
Project("{FAE04EC0-301F-11D3-BF4B-00C04F79EFBC}") = "09-09 uzduotis", "09-09 uzduotis\09-09 uzduotis.csproj", "{F645B1D4-BE83-4BE8-8DBE-ADD850FDA174}"
EndProject
Project("{FAE04EC0-301F-11D3-BF4B-00C04F79EFBC}") = "09-10 uzduotis", "09-10 uzduotis\09-10 uzduotis.csproj", "{835351AB-EF26-4B15-9503-01805B64EFCB}"
EndProject
Project("{FAE04EC0-301F-11D3-BF4B-00C04F79EFBC}") = "09-11 uzduotis", "09-11\09-11 uzduotis.csproj", "{D2B94F05-7822-4672-8C72-CFAC1F150C72}"
EndProject
Project("{FAE04EC0-301F-11D3-BF4B-00C04F79EFBC}") = "09-12 uzduotis", "09-12 uzduotis\09-12 uzduotis.csproj", "{3B8B0C84-A26C-4B3F-9096-271F14135F72}"
EndProject
Project("{FAE04EC0-301F-11D3-BF4B-00C04F79EFBC}") = "09-13 uzduotis", "09-13 uzduotis\09-13 uzduotis.csproj", "{AED29C23-D1C1-48EF-9EF8-15425F261E28}"
EndProject
Project("{2150E333-8FDC-42A3-9474-1A3956D46DE8}") = "10-While", "10-While", "{4D796992-52D2-43DF-A307-8CAB175A6731}"
EndProject
Project("{FAE04EC0-301F-11D3-BF4B-00C04F79EFBC}") = "10-01 uzduotis", "10-01 uzduotis\10-01 uzduotis.csproj", "{7C3F5D0D-B6A8-43D1-A558-28F92C4E9740}"
EndProject
Project("{FAE04EC0-301F-11D3-BF4B-00C04F79EFBC}") = "10-02 uzduotis", "10-02 uzduotis\10-02 uzduotis.csproj", "{64202677-2F08-4EF2-8A72-1F86F1925A44}"
EndProject
Project("{FAE04EC0-301F-11D3-BF4B-00C04F79EFBC}") = "10-03 uzduotis", "10-03 uzduotis\10-03 uzduotis.csproj", "{D3389412-B98C-4F1C-A74B-628FD367C944}"
EndProject
Project("{FAE04EC0-301F-11D3-BF4B-00C04F79EFBC}") = "10-04 uzduotis", "10-04 uzduotis\10-04 uzduotis.csproj", "{51EA8FF9-EB47-46ED-B7EC-3BF42A5EB37D}"
EndProject
Project("{FAE04EC0-301F-11D3-BF4B-00C04F79EFBC}") = "10-05 uzduotis", "10-05 uzduotis\10-05 uzduotis.csproj", "{AE91DD11-FA09-42D6-8486-5A1A6537A9F7}"
EndProject
Project("{FAE04EC0-301F-11D3-BF4B-00C04F79EFBC}") = "11-02 uzduotis", "11-02 uzduotis\11-02 uzduotis.csproj", "{AB41AA6D-EB32-4CAC-A241-B1234603FAE3}"
EndProject
Project("{FAE04EC0-301F-11D3-BF4B-00C04F79EFBC}") = "13-01 masyvai", "13-01 masyvai\13-01 masyvai.csproj", "{7E826640-BBEE-44AD-98A2-49C9F6BD2015}"
EndProject
Project("{2150E333-8FDC-42A3-9474-1A3956D46DE8}") = "13-masyvai", "13-masyvai", "{54629063-5A07-4D4C-BE7C-9404F2CE1D0B}"
EndProject
Project("{FAE04EC0-301F-11D3-BF4B-00C04F79EFBC}") = "13-02 uzduotis", "13-02 uzduotis\13-02 uzduotis.csproj", "{556C1E4E-C9A3-4572-8B06-687E71FFF90B}"
EndProject
Project("{2150E333-8FDC-42A3-9474-1A3956D46DE8}") = "14-isvedimas", "14-isvedimas", "{AD087DF9-EA91-4006-B034-850AA593A9C2}"
EndProject
Project("{FAE04EC0-301F-11D3-BF4B-00C04F79EFBC}") = "14-01 uzduotis", "14-01 uzduotis\14-01 uzduotis.csproj", "{985B9FAE-3E0D-4363-B2E8-D4E28DB31430}"
EndProject
Project("{FAE04EC0-301F-11D3-BF4B-00C04F79EFBC}") = "MD- 2", "MD- 2\MD- 2.csproj", "{4B9C35FB-5D49-45C0-8990-36F1EF745D3F}"
EndProject
Project("{FAE04EC0-301F-11D3-BF4B-00C04F79EFBC}") = "MD - 3", "MD - 3\MD - 3.csproj", "{1EB81512-CAC5-43C7-9646-DCFD3F6CE0ED}"
EndProject
Project("{FAE04EC0-301F-11D3-BF4B-00C04F79EFBC}") = "MD - 4", "MD - 4\MD - 4.csproj", "{3FEB42F9-788F-4506-8CD8-A0AF2906EC00}"
EndProject
Project("{2150E333-8FDC-42A3-9474-1A3956D46DE8}") = "15- sarasas", "15- sarasas", "{774FE427-98A4-47B0-B1EC-30DC755696A6}"
EndProject
Project("{FAE04EC0-301F-11D3-BF4B-00C04F79EFBC}") = "15-00 pavizdys", "15-00 pavizdys\15-00 pavizdys.csproj", "{A0CB7442-5B1E-49F4-A751-391331CE114B}"
EndProject
Project("{FAE04EC0-301F-11D3-BF4B-00C04F79EFBC}") = "15-01 uzduotis", "05-01 uzduotis\15-01 uzduotis.csproj", "{E8AEAEAC-944A-4DE0-8C91-9693C64A62AD}"
EndProject
Project("{FAE04EC0-301F-11D3-BF4B-00C04F79EFBC}") = "15-02 uzduotis", "15-02 uzduotis\15-02 uzduotis.csproj", "{2EF469C3-8E42-4086-92F9-E558D31CAD1C}"
EndProject
Project("{2150E333-8FDC-42A3-9474-1A3956D46DE8}") = "16 - metodai", "16 - metodai", "{F827DB3A-6CF6-4D2F-B2D5-305678D409CE}"
EndProject
Project("{FAE04EC0-301F-11D3-BF4B-00C04F79EFBC}") = "16-00 pavizdziai", "16-00 pavizdziai\16-00 pavizdziai.csproj", "{E372105F-F872-4D3A-9D3A-0E792EC7F0D2}"
EndProject
Project("{2150E333-8FDC-42A3-9474-1A3956D46DE8}") = "18- klases", "18- klases", "{33691FF0-310F-4675-8A41-04E96BF98E23}"
EndProject
Project("{FAE04EC0-301F-11D3-BF4B-00C04F79EFBC}") = "18-00 pavizdziai", "18-00 pavizdziai\18-00 pavizdziai.csproj", "{AB3E6335-BD26-46F0-9F9E-9AA947B875B7}"
EndProject
Project("{FAE04EC0-301F-11D3-BF4B-00C04F79EFBC}") = "18-01 uzduotis kepyklele", "18-01 uzduotis kepyklele\18-01 uzduotis kepyklele.csproj", "{6B6C8979-E2AD-4D73-A707-DADBD9057054}"
EndProject
Global
	GlobalSection(SolutionConfigurationPlatforms) = preSolution
		Debug|Any CPU = Debug|Any CPU
		Release|Any CPU = Release|Any CPU
	EndGlobalSection
	GlobalSection(ProjectConfigurationPlatforms) = postSolution
		{8B437F17-57E2-4AEC-BD40-2529DF64C78F}.Debug|Any CPU.ActiveCfg = Debug|Any CPU
		{8B437F17-57E2-4AEC-BD40-2529DF64C78F}.Debug|Any CPU.Build.0 = Debug|Any CPU
		{8B437F17-57E2-4AEC-BD40-2529DF64C78F}.Release|Any CPU.ActiveCfg = Release|Any CPU
		{8B437F17-57E2-4AEC-BD40-2529DF64C78F}.Release|Any CPU.Build.0 = Release|Any CPU
		{1618C17D-6772-4DDF-80A6-E9282146834A}.Debug|Any CPU.ActiveCfg = Debug|Any CPU
		{1618C17D-6772-4DDF-80A6-E9282146834A}.Debug|Any CPU.Build.0 = Debug|Any CPU
		{1618C17D-6772-4DDF-80A6-E9282146834A}.Release|Any CPU.ActiveCfg = Release|Any CPU
		{1618C17D-6772-4DDF-80A6-E9282146834A}.Release|Any CPU.Build.0 = Release|Any CPU
		{C0F2B8D2-54E6-45CB-A5E1-9AC8BE2B32FA}.Debug|Any CPU.ActiveCfg = Debug|Any CPU
		{C0F2B8D2-54E6-45CB-A5E1-9AC8BE2B32FA}.Debug|Any CPU.Build.0 = Debug|Any CPU
		{C0F2B8D2-54E6-45CB-A5E1-9AC8BE2B32FA}.Release|Any CPU.ActiveCfg = Release|Any CPU
		{C0F2B8D2-54E6-45CB-A5E1-9AC8BE2B32FA}.Release|Any CPU.Build.0 = Release|Any CPU
		{330039DD-CC56-405B-A202-881DA098613A}.Debug|Any CPU.ActiveCfg = Debug|Any CPU
		{330039DD-CC56-405B-A202-881DA098613A}.Debug|Any CPU.Build.0 = Debug|Any CPU
		{330039DD-CC56-405B-A202-881DA098613A}.Release|Any CPU.ActiveCfg = Release|Any CPU
		{330039DD-CC56-405B-A202-881DA098613A}.Release|Any CPU.Build.0 = Release|Any CPU
		{6B847C4C-87A5-4150-A620-3F2B8F378596}.Debug|Any CPU.ActiveCfg = Debug|Any CPU
		{6B847C4C-87A5-4150-A620-3F2B8F378596}.Debug|Any CPU.Build.0 = Debug|Any CPU
		{6B847C4C-87A5-4150-A620-3F2B8F378596}.Release|Any CPU.ActiveCfg = Release|Any CPU
		{6B847C4C-87A5-4150-A620-3F2B8F378596}.Release|Any CPU.Build.0 = Release|Any CPU
		{A098D2B4-A3A6-4B47-95B2-7787215ED073}.Debug|Any CPU.ActiveCfg = Debug|Any CPU
		{A098D2B4-A3A6-4B47-95B2-7787215ED073}.Debug|Any CPU.Build.0 = Debug|Any CPU
		{A098D2B4-A3A6-4B47-95B2-7787215ED073}.Release|Any CPU.ActiveCfg = Release|Any CPU
		{A098D2B4-A3A6-4B47-95B2-7787215ED073}.Release|Any CPU.Build.0 = Release|Any CPU
		{8C55213F-E3AD-4C63-B4CB-799F7A09EB24}.Debug|Any CPU.ActiveCfg = Debug|Any CPU
		{8C55213F-E3AD-4C63-B4CB-799F7A09EB24}.Debug|Any CPU.Build.0 = Debug|Any CPU
		{8C55213F-E3AD-4C63-B4CB-799F7A09EB24}.Release|Any CPU.ActiveCfg = Release|Any CPU
		{8C55213F-E3AD-4C63-B4CB-799F7A09EB24}.Release|Any CPU.Build.0 = Release|Any CPU
		{6F9C1F0F-40E8-404F-BDD8-A2664C052421}.Debug|Any CPU.ActiveCfg = Debug|Any CPU
		{6F9C1F0F-40E8-404F-BDD8-A2664C052421}.Debug|Any CPU.Build.0 = Debug|Any CPU
		{6F9C1F0F-40E8-404F-BDD8-A2664C052421}.Release|Any CPU.ActiveCfg = Release|Any CPU
		{6F9C1F0F-40E8-404F-BDD8-A2664C052421}.Release|Any CPU.Build.0 = Release|Any CPU
		{3AF1A899-44AA-4788-B54B-EA45AB7B8D4B}.Debug|Any CPU.ActiveCfg = Debug|Any CPU
		{3AF1A899-44AA-4788-B54B-EA45AB7B8D4B}.Debug|Any CPU.Build.0 = Debug|Any CPU
		{3AF1A899-44AA-4788-B54B-EA45AB7B8D4B}.Release|Any CPU.ActiveCfg = Release|Any CPU
		{3AF1A899-44AA-4788-B54B-EA45AB7B8D4B}.Release|Any CPU.Build.0 = Release|Any CPU
		{E369F23A-B2A7-400C-948E-D47480104D03}.Debug|Any CPU.ActiveCfg = Debug|Any CPU
		{E369F23A-B2A7-400C-948E-D47480104D03}.Debug|Any CPU.Build.0 = Debug|Any CPU
		{E369F23A-B2A7-400C-948E-D47480104D03}.Release|Any CPU.ActiveCfg = Release|Any CPU
		{E369F23A-B2A7-400C-948E-D47480104D03}.Release|Any CPU.Build.0 = Release|Any CPU
		{5784B9DB-6AAA-4052-9C1F-A0330115AE5B}.Debug|Any CPU.ActiveCfg = Debug|Any CPU
		{5784B9DB-6AAA-4052-9C1F-A0330115AE5B}.Debug|Any CPU.Build.0 = Debug|Any CPU
		{5784B9DB-6AAA-4052-9C1F-A0330115AE5B}.Release|Any CPU.ActiveCfg = Release|Any CPU
		{5784B9DB-6AAA-4052-9C1F-A0330115AE5B}.Release|Any CPU.Build.0 = Release|Any CPU
		{F80DCD9C-E705-4CE9-A9CC-8E5E351FB25E}.Debug|Any CPU.ActiveCfg = Debug|Any CPU
		{F80DCD9C-E705-4CE9-A9CC-8E5E351FB25E}.Debug|Any CPU.Build.0 = Debug|Any CPU
		{F80DCD9C-E705-4CE9-A9CC-8E5E351FB25E}.Release|Any CPU.ActiveCfg = Release|Any CPU
		{F80DCD9C-E705-4CE9-A9CC-8E5E351FB25E}.Release|Any CPU.Build.0 = Release|Any CPU
		{E04BE85B-2091-4FBD-9409-759F9AC2B8F7}.Debug|Any CPU.ActiveCfg = Debug|Any CPU
		{E04BE85B-2091-4FBD-9409-759F9AC2B8F7}.Debug|Any CPU.Build.0 = Debug|Any CPU
		{E04BE85B-2091-4FBD-9409-759F9AC2B8F7}.Release|Any CPU.ActiveCfg = Release|Any CPU
		{E04BE85B-2091-4FBD-9409-759F9AC2B8F7}.Release|Any CPU.Build.0 = Release|Any CPU
		{F4C72AF0-F9AC-400B-8621-C179B1E0F3F2}.Debug|Any CPU.ActiveCfg = Debug|Any CPU
		{F4C72AF0-F9AC-400B-8621-C179B1E0F3F2}.Debug|Any CPU.Build.0 = Debug|Any CPU
		{F4C72AF0-F9AC-400B-8621-C179B1E0F3F2}.Release|Any CPU.ActiveCfg = Release|Any CPU
		{F4C72AF0-F9AC-400B-8621-C179B1E0F3F2}.Release|Any CPU.Build.0 = Release|Any CPU
		{915AB070-BBD3-4B58-9EF8-4C3C7169C3B3}.Debug|Any CPU.ActiveCfg = Debug|Any CPU
		{915AB070-BBD3-4B58-9EF8-4C3C7169C3B3}.Debug|Any CPU.Build.0 = Debug|Any CPU
		{915AB070-BBD3-4B58-9EF8-4C3C7169C3B3}.Release|Any CPU.ActiveCfg = Release|Any CPU
		{915AB070-BBD3-4B58-9EF8-4C3C7169C3B3}.Release|Any CPU.Build.0 = Release|Any CPU
		{BEF390B6-B6E5-4D85-A16D-F2D2DEF00B74}.Debug|Any CPU.ActiveCfg = Debug|Any CPU
		{BEF390B6-B6E5-4D85-A16D-F2D2DEF00B74}.Debug|Any CPU.Build.0 = Debug|Any CPU
		{BEF390B6-B6E5-4D85-A16D-F2D2DEF00B74}.Release|Any CPU.ActiveCfg = Release|Any CPU
		{BEF390B6-B6E5-4D85-A16D-F2D2DEF00B74}.Release|Any CPU.Build.0 = Release|Any CPU
		{729410AB-753A-4DC7-AA52-1378AEA093CD}.Debug|Any CPU.ActiveCfg = Debug|Any CPU
		{729410AB-753A-4DC7-AA52-1378AEA093CD}.Debug|Any CPU.Build.0 = Debug|Any CPU
		{729410AB-753A-4DC7-AA52-1378AEA093CD}.Release|Any CPU.ActiveCfg = Release|Any CPU
		{729410AB-753A-4DC7-AA52-1378AEA093CD}.Release|Any CPU.Build.0 = Release|Any CPU
		{C6B15ED3-2CBC-4C1D-9533-0D18E539FCB2}.Debug|Any CPU.ActiveCfg = Debug|Any CPU
		{C6B15ED3-2CBC-4C1D-9533-0D18E539FCB2}.Debug|Any CPU.Build.0 = Debug|Any CPU
		{C6B15ED3-2CBC-4C1D-9533-0D18E539FCB2}.Release|Any CPU.ActiveCfg = Release|Any CPU
		{C6B15ED3-2CBC-4C1D-9533-0D18E539FCB2}.Release|Any CPU.Build.0 = Release|Any CPU
		{3DA1E822-313F-49BC-8152-5116AEA7668B}.Debug|Any CPU.ActiveCfg = Debug|Any CPU
		{3DA1E822-313F-49BC-8152-5116AEA7668B}.Debug|Any CPU.Build.0 = Debug|Any CPU
		{3DA1E822-313F-49BC-8152-5116AEA7668B}.Release|Any CPU.ActiveCfg = Release|Any CPU
		{3DA1E822-313F-49BC-8152-5116AEA7668B}.Release|Any CPU.Build.0 = Release|Any CPU
		{C0D4BD14-2CEE-4C32-9B02-3454EF4E37DA}.Debug|Any CPU.ActiveCfg = Debug|Any CPU
		{C0D4BD14-2CEE-4C32-9B02-3454EF4E37DA}.Debug|Any CPU.Build.0 = Debug|Any CPU
		{C0D4BD14-2CEE-4C32-9B02-3454EF4E37DA}.Release|Any CPU.ActiveCfg = Release|Any CPU
		{C0D4BD14-2CEE-4C32-9B02-3454EF4E37DA}.Release|Any CPU.Build.0 = Release|Any CPU
		{2ED2FE15-61C4-4C9D-8433-518E84F891B8}.Debug|Any CPU.ActiveCfg = Debug|Any CPU
		{2ED2FE15-61C4-4C9D-8433-518E84F891B8}.Debug|Any CPU.Build.0 = Debug|Any CPU
		{2ED2FE15-61C4-4C9D-8433-518E84F891B8}.Release|Any CPU.ActiveCfg = Release|Any CPU
		{2ED2FE15-61C4-4C9D-8433-518E84F891B8}.Release|Any CPU.Build.0 = Release|Any CPU
		{897AF952-9B74-4D24-9691-43147F7E2F91}.Debug|Any CPU.ActiveCfg = Debug|Any CPU
		{897AF952-9B74-4D24-9691-43147F7E2F91}.Debug|Any CPU.Build.0 = Debug|Any CPU
		{897AF952-9B74-4D24-9691-43147F7E2F91}.Release|Any CPU.ActiveCfg = Release|Any CPU
		{897AF952-9B74-4D24-9691-43147F7E2F91}.Release|Any CPU.Build.0 = Release|Any CPU
		{B741F13D-FF35-44C4-A2DD-2053D1FAAE4A}.Debug|Any CPU.ActiveCfg = Debug|Any CPU
		{B741F13D-FF35-44C4-A2DD-2053D1FAAE4A}.Debug|Any CPU.Build.0 = Debug|Any CPU
		{B741F13D-FF35-44C4-A2DD-2053D1FAAE4A}.Release|Any CPU.ActiveCfg = Release|Any CPU
		{B741F13D-FF35-44C4-A2DD-2053D1FAAE4A}.Release|Any CPU.Build.0 = Release|Any CPU
		{3805CD9B-8376-4B89-BFEB-F17E29B153B3}.Debug|Any CPU.ActiveCfg = Debug|Any CPU
		{3805CD9B-8376-4B89-BFEB-F17E29B153B3}.Debug|Any CPU.Build.0 = Debug|Any CPU
		{3805CD9B-8376-4B89-BFEB-F17E29B153B3}.Release|Any CPU.ActiveCfg = Release|Any CPU
		{3805CD9B-8376-4B89-BFEB-F17E29B153B3}.Release|Any CPU.Build.0 = Release|Any CPU
		{01FF9157-BFF0-44BB-9DAD-927AEF9DA766}.Debug|Any CPU.ActiveCfg = Debug|Any CPU
		{01FF9157-BFF0-44BB-9DAD-927AEF9DA766}.Debug|Any CPU.Build.0 = Debug|Any CPU
		{01FF9157-BFF0-44BB-9DAD-927AEF9DA766}.Release|Any CPU.ActiveCfg = Release|Any CPU
		{01FF9157-BFF0-44BB-9DAD-927AEF9DA766}.Release|Any CPU.Build.0 = Release|Any CPU
		{570C761C-E5EA-40BA-9F78-60FCEBD28ED2}.Debug|Any CPU.ActiveCfg = Debug|Any CPU
		{570C761C-E5EA-40BA-9F78-60FCEBD28ED2}.Debug|Any CPU.Build.0 = Debug|Any CPU
		{570C761C-E5EA-40BA-9F78-60FCEBD28ED2}.Release|Any CPU.ActiveCfg = Release|Any CPU
		{570C761C-E5EA-40BA-9F78-60FCEBD28ED2}.Release|Any CPU.Build.0 = Release|Any CPU
		{8A7F671F-9F3D-40E5-A072-E49D5F8744F4}.Debug|Any CPU.ActiveCfg = Debug|Any CPU
		{8A7F671F-9F3D-40E5-A072-E49D5F8744F4}.Debug|Any CPU.Build.0 = Debug|Any CPU
		{8A7F671F-9F3D-40E5-A072-E49D5F8744F4}.Release|Any CPU.ActiveCfg = Release|Any CPU
		{8A7F671F-9F3D-40E5-A072-E49D5F8744F4}.Release|Any CPU.Build.0 = Release|Any CPU
		{3D35B8A1-9454-4E2E-8CEB-B58452829042}.Debug|Any CPU.ActiveCfg = Debug|Any CPU
		{3D35B8A1-9454-4E2E-8CEB-B58452829042}.Debug|Any CPU.Build.0 = Debug|Any CPU
		{3D35B8A1-9454-4E2E-8CEB-B58452829042}.Release|Any CPU.ActiveCfg = Release|Any CPU
		{3D35B8A1-9454-4E2E-8CEB-B58452829042}.Release|Any CPU.Build.0 = Release|Any CPU
		{B95EF863-C5A0-417F-A317-FAF5BAF58D22}.Debug|Any CPU.ActiveCfg = Debug|Any CPU
		{B95EF863-C5A0-417F-A317-FAF5BAF58D22}.Debug|Any CPU.Build.0 = Debug|Any CPU
		{B95EF863-C5A0-417F-A317-FAF5BAF58D22}.Release|Any CPU.ActiveCfg = Release|Any CPU
		{B95EF863-C5A0-417F-A317-FAF5BAF58D22}.Release|Any CPU.Build.0 = Release|Any CPU
		{2E0E4AD9-861B-46FA-8DB4-E2A3B774799B}.Debug|Any CPU.ActiveCfg = Debug|Any CPU
		{2E0E4AD9-861B-46FA-8DB4-E2A3B774799B}.Debug|Any CPU.Build.0 = Debug|Any CPU
		{2E0E4AD9-861B-46FA-8DB4-E2A3B774799B}.Release|Any CPU.ActiveCfg = Release|Any CPU
		{2E0E4AD9-861B-46FA-8DB4-E2A3B774799B}.Release|Any CPU.Build.0 = Release|Any CPU
		{43768B69-BAC8-4AA8-ACAD-8A304E4CA9D1}.Debug|Any CPU.ActiveCfg = Debug|Any CPU
		{43768B69-BAC8-4AA8-ACAD-8A304E4CA9D1}.Debug|Any CPU.Build.0 = Debug|Any CPU
		{43768B69-BAC8-4AA8-ACAD-8A304E4CA9D1}.Release|Any CPU.ActiveCfg = Release|Any CPU
		{43768B69-BAC8-4AA8-ACAD-8A304E4CA9D1}.Release|Any CPU.Build.0 = Release|Any CPU
		{C5DAA86F-B2DB-4206-B438-01C65EF91AEE}.Debug|Any CPU.ActiveCfg = Debug|Any CPU
		{C5DAA86F-B2DB-4206-B438-01C65EF91AEE}.Debug|Any CPU.Build.0 = Debug|Any CPU
		{C5DAA86F-B2DB-4206-B438-01C65EF91AEE}.Release|Any CPU.ActiveCfg = Release|Any CPU
		{C5DAA86F-B2DB-4206-B438-01C65EF91AEE}.Release|Any CPU.Build.0 = Release|Any CPU
		{FAB98643-C3D4-45A2-97BA-010BF83E10A1}.Debug|Any CPU.ActiveCfg = Debug|Any CPU
		{FAB98643-C3D4-45A2-97BA-010BF83E10A1}.Debug|Any CPU.Build.0 = Debug|Any CPU
		{FAB98643-C3D4-45A2-97BA-010BF83E10A1}.Release|Any CPU.ActiveCfg = Release|Any CPU
		{FAB98643-C3D4-45A2-97BA-010BF83E10A1}.Release|Any CPU.Build.0 = Release|Any CPU
		{B5D399A2-9EF3-43BE-8FBB-70F6E110784A}.Debug|Any CPU.ActiveCfg = Debug|Any CPU
		{B5D399A2-9EF3-43BE-8FBB-70F6E110784A}.Debug|Any CPU.Build.0 = Debug|Any CPU
		{B5D399A2-9EF3-43BE-8FBB-70F6E110784A}.Release|Any CPU.ActiveCfg = Release|Any CPU
		{B5D399A2-9EF3-43BE-8FBB-70F6E110784A}.Release|Any CPU.Build.0 = Release|Any CPU
		{95BBC4EB-5B9D-4903-A851-994AA3D696A7}.Debug|Any CPU.ActiveCfg = Debug|Any CPU
		{95BBC4EB-5B9D-4903-A851-994AA3D696A7}.Debug|Any CPU.Build.0 = Debug|Any CPU
		{95BBC4EB-5B9D-4903-A851-994AA3D696A7}.Release|Any CPU.ActiveCfg = Release|Any CPU
		{95BBC4EB-5B9D-4903-A851-994AA3D696A7}.Release|Any CPU.Build.0 = Release|Any CPU
		{E16DB096-F7E1-4BC3-809A-0091F75A5947}.Debug|Any CPU.ActiveCfg = Debug|Any CPU
		{E16DB096-F7E1-4BC3-809A-0091F75A5947}.Debug|Any CPU.Build.0 = Debug|Any CPU
		{E16DB096-F7E1-4BC3-809A-0091F75A5947}.Release|Any CPU.ActiveCfg = Release|Any CPU
		{E16DB096-F7E1-4BC3-809A-0091F75A5947}.Release|Any CPU.Build.0 = Release|Any CPU
		{FBAB38B0-0D04-4B82-BC89-30908F6EF6CB}.Debug|Any CPU.ActiveCfg = Debug|Any CPU
		{FBAB38B0-0D04-4B82-BC89-30908F6EF6CB}.Debug|Any CPU.Build.0 = Debug|Any CPU
		{FBAB38B0-0D04-4B82-BC89-30908F6EF6CB}.Release|Any CPU.ActiveCfg = Release|Any CPU
		{FBAB38B0-0D04-4B82-BC89-30908F6EF6CB}.Release|Any CPU.Build.0 = Release|Any CPU
		{CA7514FD-C8B1-4015-BDB7-37F36CBDBECE}.Debug|Any CPU.ActiveCfg = Debug|Any CPU
		{CA7514FD-C8B1-4015-BDB7-37F36CBDBECE}.Debug|Any CPU.Build.0 = Debug|Any CPU
		{CA7514FD-C8B1-4015-BDB7-37F36CBDBECE}.Release|Any CPU.ActiveCfg = Release|Any CPU
		{CA7514FD-C8B1-4015-BDB7-37F36CBDBECE}.Release|Any CPU.Build.0 = Release|Any CPU
		{9D1A2459-BFF6-4169-838D-537A4EA52FAD}.Debug|Any CPU.ActiveCfg = Debug|Any CPU
		{9D1A2459-BFF6-4169-838D-537A4EA52FAD}.Debug|Any CPU.Build.0 = Debug|Any CPU
		{9D1A2459-BFF6-4169-838D-537A4EA52FAD}.Release|Any CPU.ActiveCfg = Release|Any CPU
		{9D1A2459-BFF6-4169-838D-537A4EA52FAD}.Release|Any CPU.Build.0 = Release|Any CPU
		{0A98DA4A-2E00-44BE-98EC-34F882C0327D}.Debug|Any CPU.ActiveCfg = Debug|Any CPU
		{0A98DA4A-2E00-44BE-98EC-34F882C0327D}.Debug|Any CPU.Build.0 = Debug|Any CPU
		{0A98DA4A-2E00-44BE-98EC-34F882C0327D}.Release|Any CPU.ActiveCfg = Release|Any CPU
		{0A98DA4A-2E00-44BE-98EC-34F882C0327D}.Release|Any CPU.Build.0 = Release|Any CPU
		{02F6DA5F-82A6-4257-9492-06DB92E86889}.Debug|Any CPU.ActiveCfg = Debug|Any CPU
		{02F6DA5F-82A6-4257-9492-06DB92E86889}.Debug|Any CPU.Build.0 = Debug|Any CPU
		{02F6DA5F-82A6-4257-9492-06DB92E86889}.Release|Any CPU.ActiveCfg = Release|Any CPU
		{02F6DA5F-82A6-4257-9492-06DB92E86889}.Release|Any CPU.Build.0 = Release|Any CPU
		{AB7913E1-FAED-40D0-A357-5B61396BD82A}.Debug|Any CPU.ActiveCfg = Debug|Any CPU
		{AB7913E1-FAED-40D0-A357-5B61396BD82A}.Debug|Any CPU.Build.0 = Debug|Any CPU
		{AB7913E1-FAED-40D0-A357-5B61396BD82A}.Release|Any CPU.ActiveCfg = Release|Any CPU
		{AB7913E1-FAED-40D0-A357-5B61396BD82A}.Release|Any CPU.Build.0 = Release|Any CPU
		{9A7454E7-507F-475C-9313-AA33E5390EA4}.Debug|Any CPU.ActiveCfg = Debug|Any CPU
		{9A7454E7-507F-475C-9313-AA33E5390EA4}.Debug|Any CPU.Build.0 = Debug|Any CPU
		{9A7454E7-507F-475C-9313-AA33E5390EA4}.Release|Any CPU.ActiveCfg = Release|Any CPU
		{9A7454E7-507F-475C-9313-AA33E5390EA4}.Release|Any CPU.Build.0 = Release|Any CPU
		{1987C8E4-2291-46D2-9ABA-5950CD4F6371}.Debug|Any CPU.ActiveCfg = Debug|Any CPU
		{1987C8E4-2291-46D2-9ABA-5950CD4F6371}.Debug|Any CPU.Build.0 = Debug|Any CPU
		{1987C8E4-2291-46D2-9ABA-5950CD4F6371}.Release|Any CPU.ActiveCfg = Release|Any CPU
		{1987C8E4-2291-46D2-9ABA-5950CD4F6371}.Release|Any CPU.Build.0 = Release|Any CPU
		{05032879-04D9-4794-A809-55C0F72C03B2}.Debug|Any CPU.ActiveCfg = Debug|Any CPU
		{05032879-04D9-4794-A809-55C0F72C03B2}.Debug|Any CPU.Build.0 = Debug|Any CPU
		{05032879-04D9-4794-A809-55C0F72C03B2}.Release|Any CPU.ActiveCfg = Release|Any CPU
		{05032879-04D9-4794-A809-55C0F72C03B2}.Release|Any CPU.Build.0 = Release|Any CPU
		{C05185A0-A0D7-4C5A-9385-DFB36DFE7340}.Debug|Any CPU.ActiveCfg = Debug|Any CPU
		{C05185A0-A0D7-4C5A-9385-DFB36DFE7340}.Debug|Any CPU.Build.0 = Debug|Any CPU
		{C05185A0-A0D7-4C5A-9385-DFB36DFE7340}.Release|Any CPU.ActiveCfg = Release|Any CPU
		{C05185A0-A0D7-4C5A-9385-DFB36DFE7340}.Release|Any CPU.Build.0 = Release|Any CPU
		{EAA46C91-165F-4264-81D5-3389CD10439A}.Debug|Any CPU.ActiveCfg = Debug|Any CPU
		{EAA46C91-165F-4264-81D5-3389CD10439A}.Debug|Any CPU.Build.0 = Debug|Any CPU
		{EAA46C91-165F-4264-81D5-3389CD10439A}.Release|Any CPU.ActiveCfg = Release|Any CPU
		{EAA46C91-165F-4264-81D5-3389CD10439A}.Release|Any CPU.Build.0 = Release|Any CPU
		{477DFC2D-F861-4B44-8494-B84EEA95D360}.Debug|Any CPU.ActiveCfg = Debug|Any CPU
		{477DFC2D-F861-4B44-8494-B84EEA95D360}.Debug|Any CPU.Build.0 = Debug|Any CPU
		{477DFC2D-F861-4B44-8494-B84EEA95D360}.Release|Any CPU.ActiveCfg = Release|Any CPU
		{477DFC2D-F861-4B44-8494-B84EEA95D360}.Release|Any CPU.Build.0 = Release|Any CPU
		{7DA1B54A-25F0-481C-8FEC-0ED7763E830F}.Debug|Any CPU.ActiveCfg = Debug|Any CPU
		{7DA1B54A-25F0-481C-8FEC-0ED7763E830F}.Debug|Any CPU.Build.0 = Debug|Any CPU
		{7DA1B54A-25F0-481C-8FEC-0ED7763E830F}.Release|Any CPU.ActiveCfg = Release|Any CPU
		{7DA1B54A-25F0-481C-8FEC-0ED7763E830F}.Release|Any CPU.Build.0 = Release|Any CPU
		{C5D8E02C-CA88-4E73-92A6-B16239CAAB9A}.Debug|Any CPU.ActiveCfg = Debug|Any CPU
		{C5D8E02C-CA88-4E73-92A6-B16239CAAB9A}.Debug|Any CPU.Build.0 = Debug|Any CPU
		{C5D8E02C-CA88-4E73-92A6-B16239CAAB9A}.Release|Any CPU.ActiveCfg = Release|Any CPU
		{C5D8E02C-CA88-4E73-92A6-B16239CAAB9A}.Release|Any CPU.Build.0 = Release|Any CPU
		{F645B1D4-BE83-4BE8-8DBE-ADD850FDA174}.Debug|Any CPU.ActiveCfg = Debug|Any CPU
		{F645B1D4-BE83-4BE8-8DBE-ADD850FDA174}.Debug|Any CPU.Build.0 = Debug|Any CPU
		{F645B1D4-BE83-4BE8-8DBE-ADD850FDA174}.Release|Any CPU.ActiveCfg = Release|Any CPU
		{F645B1D4-BE83-4BE8-8DBE-ADD850FDA174}.Release|Any CPU.Build.0 = Release|Any CPU
		{835351AB-EF26-4B15-9503-01805B64EFCB}.Debug|Any CPU.ActiveCfg = Debug|Any CPU
		{835351AB-EF26-4B15-9503-01805B64EFCB}.Debug|Any CPU.Build.0 = Debug|Any CPU
		{835351AB-EF26-4B15-9503-01805B64EFCB}.Release|Any CPU.ActiveCfg = Release|Any CPU
		{835351AB-EF26-4B15-9503-01805B64EFCB}.Release|Any CPU.Build.0 = Release|Any CPU
		{D2B94F05-7822-4672-8C72-CFAC1F150C72}.Debug|Any CPU.ActiveCfg = Debug|Any CPU
		{D2B94F05-7822-4672-8C72-CFAC1F150C72}.Debug|Any CPU.Build.0 = Debug|Any CPU
		{D2B94F05-7822-4672-8C72-CFAC1F150C72}.Release|Any CPU.ActiveCfg = Release|Any CPU
		{D2B94F05-7822-4672-8C72-CFAC1F150C72}.Release|Any CPU.Build.0 = Release|Any CPU
		{3B8B0C84-A26C-4B3F-9096-271F14135F72}.Debug|Any CPU.ActiveCfg = Debug|Any CPU
		{3B8B0C84-A26C-4B3F-9096-271F14135F72}.Debug|Any CPU.Build.0 = Debug|Any CPU
		{3B8B0C84-A26C-4B3F-9096-271F14135F72}.Release|Any CPU.ActiveCfg = Release|Any CPU
		{3B8B0C84-A26C-4B3F-9096-271F14135F72}.Release|Any CPU.Build.0 = Release|Any CPU
		{AED29C23-D1C1-48EF-9EF8-15425F261E28}.Debug|Any CPU.ActiveCfg = Debug|Any CPU
		{AED29C23-D1C1-48EF-9EF8-15425F261E28}.Debug|Any CPU.Build.0 = Debug|Any CPU
		{AED29C23-D1C1-48EF-9EF8-15425F261E28}.Release|Any CPU.ActiveCfg = Release|Any CPU
		{AED29C23-D1C1-48EF-9EF8-15425F261E28}.Release|Any CPU.Build.0 = Release|Any CPU
		{7C3F5D0D-B6A8-43D1-A558-28F92C4E9740}.Debug|Any CPU.ActiveCfg = Debug|Any CPU
		{7C3F5D0D-B6A8-43D1-A558-28F92C4E9740}.Debug|Any CPU.Build.0 = Debug|Any CPU
		{7C3F5D0D-B6A8-43D1-A558-28F92C4E9740}.Release|Any CPU.ActiveCfg = Release|Any CPU
		{7C3F5D0D-B6A8-43D1-A558-28F92C4E9740}.Release|Any CPU.Build.0 = Release|Any CPU
		{64202677-2F08-4EF2-8A72-1F86F1925A44}.Debug|Any CPU.ActiveCfg = Debug|Any CPU
		{64202677-2F08-4EF2-8A72-1F86F1925A44}.Debug|Any CPU.Build.0 = Debug|Any CPU
		{64202677-2F08-4EF2-8A72-1F86F1925A44}.Release|Any CPU.ActiveCfg = Release|Any CPU
		{64202677-2F08-4EF2-8A72-1F86F1925A44}.Release|Any CPU.Build.0 = Release|Any CPU
		{D3389412-B98C-4F1C-A74B-628FD367C944}.Debug|Any CPU.ActiveCfg = Debug|Any CPU
		{D3389412-B98C-4F1C-A74B-628FD367C944}.Debug|Any CPU.Build.0 = Debug|Any CPU
		{D3389412-B98C-4F1C-A74B-628FD367C944}.Release|Any CPU.ActiveCfg = Release|Any CPU
		{D3389412-B98C-4F1C-A74B-628FD367C944}.Release|Any CPU.Build.0 = Release|Any CPU
		{51EA8FF9-EB47-46ED-B7EC-3BF42A5EB37D}.Debug|Any CPU.ActiveCfg = Debug|Any CPU
		{51EA8FF9-EB47-46ED-B7EC-3BF42A5EB37D}.Debug|Any CPU.Build.0 = Debug|Any CPU
		{51EA8FF9-EB47-46ED-B7EC-3BF42A5EB37D}.Release|Any CPU.ActiveCfg = Release|Any CPU
		{51EA8FF9-EB47-46ED-B7EC-3BF42A5EB37D}.Release|Any CPU.Build.0 = Release|Any CPU
		{AE91DD11-FA09-42D6-8486-5A1A6537A9F7}.Debug|Any CPU.ActiveCfg = Debug|Any CPU
		{AE91DD11-FA09-42D6-8486-5A1A6537A9F7}.Debug|Any CPU.Build.0 = Debug|Any CPU
		{AE91DD11-FA09-42D6-8486-5A1A6537A9F7}.Release|Any CPU.ActiveCfg = Release|Any CPU
		{AE91DD11-FA09-42D6-8486-5A1A6537A9F7}.Release|Any CPU.Build.0 = Release|Any CPU
		{AB41AA6D-EB32-4CAC-A241-B1234603FAE3}.Debug|Any CPU.ActiveCfg = Debug|Any CPU
		{AB41AA6D-EB32-4CAC-A241-B1234603FAE3}.Debug|Any CPU.Build.0 = Debug|Any CPU
		{AB41AA6D-EB32-4CAC-A241-B1234603FAE3}.Release|Any CPU.ActiveCfg = Release|Any CPU
		{AB41AA6D-EB32-4CAC-A241-B1234603FAE3}.Release|Any CPU.Build.0 = Release|Any CPU
		{7E826640-BBEE-44AD-98A2-49C9F6BD2015}.Debug|Any CPU.ActiveCfg = Debug|Any CPU
		{7E826640-BBEE-44AD-98A2-49C9F6BD2015}.Debug|Any CPU.Build.0 = Debug|Any CPU
		{7E826640-BBEE-44AD-98A2-49C9F6BD2015}.Release|Any CPU.ActiveCfg = Release|Any CPU
		{7E826640-BBEE-44AD-98A2-49C9F6BD2015}.Release|Any CPU.Build.0 = Release|Any CPU
		{556C1E4E-C9A3-4572-8B06-687E71FFF90B}.Debug|Any CPU.ActiveCfg = Debug|Any CPU
		{556C1E4E-C9A3-4572-8B06-687E71FFF90B}.Debug|Any CPU.Build.0 = Debug|Any CPU
		{556C1E4E-C9A3-4572-8B06-687E71FFF90B}.Release|Any CPU.ActiveCfg = Release|Any CPU
		{556C1E4E-C9A3-4572-8B06-687E71FFF90B}.Release|Any CPU.Build.0 = Release|Any CPU
		{985B9FAE-3E0D-4363-B2E8-D4E28DB31430}.Debug|Any CPU.ActiveCfg = Debug|Any CPU
		{985B9FAE-3E0D-4363-B2E8-D4E28DB31430}.Debug|Any CPU.Build.0 = Debug|Any CPU
		{985B9FAE-3E0D-4363-B2E8-D4E28DB31430}.Release|Any CPU.ActiveCfg = Release|Any CPU
		{985B9FAE-3E0D-4363-B2E8-D4E28DB31430}.Release|Any CPU.Build.0 = Release|Any CPU
		{4B9C35FB-5D49-45C0-8990-36F1EF745D3F}.Debug|Any CPU.ActiveCfg = Debug|Any CPU
		{4B9C35FB-5D49-45C0-8990-36F1EF745D3F}.Debug|Any CPU.Build.0 = Debug|Any CPU
		{4B9C35FB-5D49-45C0-8990-36F1EF745D3F}.Release|Any CPU.ActiveCfg = Release|Any CPU
		{4B9C35FB-5D49-45C0-8990-36F1EF745D3F}.Release|Any CPU.Build.0 = Release|Any CPU
		{1EB81512-CAC5-43C7-9646-DCFD3F6CE0ED}.Debug|Any CPU.ActiveCfg = Debug|Any CPU
		{1EB81512-CAC5-43C7-9646-DCFD3F6CE0ED}.Debug|Any CPU.Build.0 = Debug|Any CPU
		{1EB81512-CAC5-43C7-9646-DCFD3F6CE0ED}.Release|Any CPU.ActiveCfg = Release|Any CPU
		{1EB81512-CAC5-43C7-9646-DCFD3F6CE0ED}.Release|Any CPU.Build.0 = Release|Any CPU
		{3FEB42F9-788F-4506-8CD8-A0AF2906EC00}.Debug|Any CPU.ActiveCfg = Debug|Any CPU
		{3FEB42F9-788F-4506-8CD8-A0AF2906EC00}.Debug|Any CPU.Build.0 = Debug|Any CPU
		{3FEB42F9-788F-4506-8CD8-A0AF2906EC00}.Release|Any CPU.ActiveCfg = Release|Any CPU
		{3FEB42F9-788F-4506-8CD8-A0AF2906EC00}.Release|Any CPU.Build.0 = Release|Any CPU
		{A0CB7442-5B1E-49F4-A751-391331CE114B}.Debug|Any CPU.ActiveCfg = Debug|Any CPU
		{A0CB7442-5B1E-49F4-A751-391331CE114B}.Debug|Any CPU.Build.0 = Debug|Any CPU
		{A0CB7442-5B1E-49F4-A751-391331CE114B}.Release|Any CPU.ActiveCfg = Release|Any CPU
		{A0CB7442-5B1E-49F4-A751-391331CE114B}.Release|Any CPU.Build.0 = Release|Any CPU
		{E8AEAEAC-944A-4DE0-8C91-9693C64A62AD}.Debug|Any CPU.ActiveCfg = Debug|Any CPU
		{E8AEAEAC-944A-4DE0-8C91-9693C64A62AD}.Debug|Any CPU.Build.0 = Debug|Any CPU
		{E8AEAEAC-944A-4DE0-8C91-9693C64A62AD}.Release|Any CPU.ActiveCfg = Release|Any CPU
		{E8AEAEAC-944A-4DE0-8C91-9693C64A62AD}.Release|Any CPU.Build.0 = Release|Any CPU
		{2EF469C3-8E42-4086-92F9-E558D31CAD1C}.Debug|Any CPU.ActiveCfg = Debug|Any CPU
		{2EF469C3-8E42-4086-92F9-E558D31CAD1C}.Debug|Any CPU.Build.0 = Debug|Any CPU
		{2EF469C3-8E42-4086-92F9-E558D31CAD1C}.Release|Any CPU.ActiveCfg = Release|Any CPU
		{2EF469C3-8E42-4086-92F9-E558D31CAD1C}.Release|Any CPU.Build.0 = Release|Any CPU
		{E372105F-F872-4D3A-9D3A-0E792EC7F0D2}.Debug|Any CPU.ActiveCfg = Debug|Any CPU
		{E372105F-F872-4D3A-9D3A-0E792EC7F0D2}.Debug|Any CPU.Build.0 = Debug|Any CPU
		{E372105F-F872-4D3A-9D3A-0E792EC7F0D2}.Release|Any CPU.ActiveCfg = Release|Any CPU
		{E372105F-F872-4D3A-9D3A-0E792EC7F0D2}.Release|Any CPU.Build.0 = Release|Any CPU
		{AB3E6335-BD26-46F0-9F9E-9AA947B875B7}.Debug|Any CPU.ActiveCfg = Debug|Any CPU
		{AB3E6335-BD26-46F0-9F9E-9AA947B875B7}.Debug|Any CPU.Build.0 = Debug|Any CPU
		{AB3E6335-BD26-46F0-9F9E-9AA947B875B7}.Release|Any CPU.ActiveCfg = Release|Any CPU
		{AB3E6335-BD26-46F0-9F9E-9AA947B875B7}.Release|Any CPU.Build.0 = Release|Any CPU
		{6B6C8979-E2AD-4D73-A707-DADBD9057054}.Debug|Any CPU.ActiveCfg = Debug|Any CPU
		{6B6C8979-E2AD-4D73-A707-DADBD9057054}.Debug|Any CPU.Build.0 = Debug|Any CPU
		{6B6C8979-E2AD-4D73-A707-DADBD9057054}.Release|Any CPU.ActiveCfg = Release|Any CPU
		{6B6C8979-E2AD-4D73-A707-DADBD9057054}.Release|Any CPU.Build.0 = Release|Any CPU
	EndGlobalSection
	GlobalSection(SolutionProperties) = preSolution
		HideSolutionNode = FALSE
	EndGlobalSection
	GlobalSection(NestedProjects) = preSolution
		{8B437F17-57E2-4AEC-BD40-2529DF64C78F} = {AEB01C14-6FA6-4EBB-B578-709BF8761D79}
		{1618C17D-6772-4DDF-80A6-E9282146834A} = {AEB01C14-6FA6-4EBB-B578-709BF8761D79}
		{C0F2B8D2-54E6-45CB-A5E1-9AC8BE2B32FA} = {EB130950-F0F6-443C-88B4-DDD6A053EF09}
		{330039DD-CC56-405B-A202-881DA098613A} = {EB130950-F0F6-443C-88B4-DDD6A053EF09}
		{6B847C4C-87A5-4150-A620-3F2B8F378596} = {EB130950-F0F6-443C-88B4-DDD6A053EF09}
		{A098D2B4-A3A6-4B47-95B2-7787215ED073} = {1D48DF5C-0C34-4455-B5C1-CEE66176A3E6}
		{8C55213F-E3AD-4C63-B4CB-799F7A09EB24} = {1D48DF5C-0C34-4455-B5C1-CEE66176A3E6}
		{6F9C1F0F-40E8-404F-BDD8-A2664C052421} = {1D48DF5C-0C34-4455-B5C1-CEE66176A3E6}
		{3AF1A899-44AA-4788-B54B-EA45AB7B8D4B} = {1D48DF5C-0C34-4455-B5C1-CEE66176A3E6}
		{E369F23A-B2A7-400C-948E-D47480104D03} = {1D48DF5C-0C34-4455-B5C1-CEE66176A3E6}
		{5784B9DB-6AAA-4052-9C1F-A0330115AE5B} = {1D48DF5C-0C34-4455-B5C1-CEE66176A3E6}
		{F80DCD9C-E705-4CE9-A9CC-8E5E351FB25E} = {1D48DF5C-0C34-4455-B5C1-CEE66176A3E6}
		{E04BE85B-2091-4FBD-9409-759F9AC2B8F7} = {1D48DF5C-0C34-4455-B5C1-CEE66176A3E6}
		{F4C72AF0-F9AC-400B-8621-C179B1E0F3F2} = {C680A293-E282-4AE5-A356-E3D55D9FA545}
		{915AB070-BBD3-4B58-9EF8-4C3C7169C3B3} = {C680A293-E282-4AE5-A356-E3D55D9FA545}
		{BEF390B6-B6E5-4D85-A16D-F2D2DEF00B74} = {C680A293-E282-4AE5-A356-E3D55D9FA545}
		{729410AB-753A-4DC7-AA52-1378AEA093CD} = {C680A293-E282-4AE5-A356-E3D55D9FA545}
		{C6B15ED3-2CBC-4C1D-9533-0D18E539FCB2} = {C680A293-E282-4AE5-A356-E3D55D9FA545}
		{3DA1E822-313F-49BC-8152-5116AEA7668B} = {C680A293-E282-4AE5-A356-E3D55D9FA545}
		{C0D4BD14-2CEE-4C32-9B02-3454EF4E37DA} = {C680A293-E282-4AE5-A356-E3D55D9FA545}
		{2ED2FE15-61C4-4C9D-8433-518E84F891B8} = {C680A293-E282-4AE5-A356-E3D55D9FA545}
		{897AF952-9B74-4D24-9691-43147F7E2F91} = {4ED37EF1-4CED-489E-9A84-09C1B0DB4242}
		{B741F13D-FF35-44C4-A2DD-2053D1FAAE4A} = {4ED37EF1-4CED-489E-9A84-09C1B0DB4242}
		{3805CD9B-8376-4B89-BFEB-F17E29B153B3} = {4ED37EF1-4CED-489E-9A84-09C1B0DB4242}
		{01FF9157-BFF0-44BB-9DAD-927AEF9DA766} = {4ED37EF1-4CED-489E-9A84-09C1B0DB4242}
		{570C761C-E5EA-40BA-9F78-60FCEBD28ED2} = {4ED37EF1-4CED-489E-9A84-09C1B0DB4242}
		{8A7F671F-9F3D-40E5-A072-E49D5F8744F4} = {E0FD97F4-1477-41CD-9E5F-A75922F563DD}
		{3D35B8A1-9454-4E2E-8CEB-B58452829042} = {E0FD97F4-1477-41CD-9E5F-A75922F563DD}
		{B95EF863-C5A0-417F-A317-FAF5BAF58D22} = {E0FD97F4-1477-41CD-9E5F-A75922F563DD}
		{2E0E4AD9-861B-46FA-8DB4-E2A3B774799B} = {E0FD97F4-1477-41CD-9E5F-A75922F563DD}
		{43768B69-BAC8-4AA8-ACAD-8A304E4CA9D1} = {211A7BE8-513D-4759-8E51-AD79982E1288}
		{24BE9253-9506-43BE-BED4-7AF1523B13FE} = {E0FD97F4-1477-41CD-9E5F-A75922F563DD}
		{C5DAA86F-B2DB-4206-B438-01C65EF91AEE} = {24BE9253-9506-43BE-BED4-7AF1523B13FE}
		{FAB98643-C3D4-45A2-97BA-010BF83E10A1} = {E0FD97F4-1477-41CD-9E5F-A75922F563DD}
		{B5D399A2-9EF3-43BE-8FBB-70F6E110784A} = {24BE9253-9506-43BE-BED4-7AF1523B13FE}
		{95BBC4EB-5B9D-4903-A851-994AA3D696A7} = {24BE9253-9506-43BE-BED4-7AF1523B13FE}
		{E16DB096-F7E1-4BC3-809A-0091F75A5947} = {24BE9253-9506-43BE-BED4-7AF1523B13FE}
		{FBAB38B0-0D04-4B82-BC89-30908F6EF6CB} = {16B4FBEC-598C-4F40-9299-BFB417A6D376}
		{CA7514FD-C8B1-4015-BDB7-37F36CBDBECE} = {16B4FBEC-598C-4F40-9299-BFB417A6D376}
		{9D1A2459-BFF6-4169-838D-537A4EA52FAD} = {16B4FBEC-598C-4F40-9299-BFB417A6D376}
		{0A98DA4A-2E00-44BE-98EC-34F882C0327D} = {16B4FBEC-598C-4F40-9299-BFB417A6D376}
		{02F6DA5F-82A6-4257-9492-06DB92E86889} = {8239FF6B-C5DF-4C64-A222-F1E543FB79C5}
		{AB7913E1-FAED-40D0-A357-5B61396BD82A} = {F39AEDD3-9D1E-4B72-8D25-A278B7334CF8}
		{9A7454E7-507F-475C-9313-AA33E5390EA4} = {F39AEDD3-9D1E-4B72-8D25-A278B7334CF8}
		{1987C8E4-2291-46D2-9ABA-5950CD4F6371} = {F39AEDD3-9D1E-4B72-8D25-A278B7334CF8}
		{05032879-04D9-4794-A809-55C0F72C03B2} = {F39AEDD3-9D1E-4B72-8D25-A278B7334CF8}
		{C05185A0-A0D7-4C5A-9385-DFB36DFE7340} = {F39AEDD3-9D1E-4B72-8D25-A278B7334CF8}
		{EAA46C91-165F-4264-81D5-3389CD10439A} = {F39AEDD3-9D1E-4B72-8D25-A278B7334CF8}
		{477DFC2D-F861-4B44-8494-B84EEA95D360} = {F39AEDD3-9D1E-4B72-8D25-A278B7334CF8}
		{7DA1B54A-25F0-481C-8FEC-0ED7763E830F} = {F39AEDD3-9D1E-4B72-8D25-A278B7334CF8}
		{C5D8E02C-CA88-4E73-92A6-B16239CAAB9A} = {0CF1A3E8-1DF5-4078-8AE5-633DC597C0BC}
		{F645B1D4-BE83-4BE8-8DBE-ADD850FDA174} = {F39AEDD3-9D1E-4B72-8D25-A278B7334CF8}
		{835351AB-EF26-4B15-9503-01805B64EFCB} = {F39AEDD3-9D1E-4B72-8D25-A278B7334CF8}
		{D2B94F05-7822-4672-8C72-CFAC1F150C72} = {F39AEDD3-9D1E-4B72-8D25-A278B7334CF8}
		{3B8B0C84-A26C-4B3F-9096-271F14135F72} = {F39AEDD3-9D1E-4B72-8D25-A278B7334CF8}
		{AED29C23-D1C1-48EF-9EF8-15425F261E28} = {F39AEDD3-9D1E-4B72-8D25-A278B7334CF8}
		{7C3F5D0D-B6A8-43D1-A558-28F92C4E9740} = {4D796992-52D2-43DF-A307-8CAB175A6731}
		{64202677-2F08-4EF2-8A72-1F86F1925A44} = {4D796992-52D2-43DF-A307-8CAB175A6731}
		{D3389412-B98C-4F1C-A74B-628FD367C944} = {4D796992-52D2-43DF-A307-8CAB175A6731}
		{51EA8FF9-EB47-46ED-B7EC-3BF42A5EB37D} = {4D796992-52D2-43DF-A307-8CAB175A6731}
		{AE91DD11-FA09-42D6-8486-5A1A6537A9F7} = {4D796992-52D2-43DF-A307-8CAB175A6731}
		{7E826640-BBEE-44AD-98A2-49C9F6BD2015} = {54629063-5A07-4D4C-BE7C-9404F2CE1D0B}
		{556C1E4E-C9A3-4572-8B06-687E71FFF90B} = {54629063-5A07-4D4C-BE7C-9404F2CE1D0B}
		{985B9FAE-3E0D-4363-B2E8-D4E28DB31430} = {AD087DF9-EA91-4006-B034-850AA593A9C2}
		{4B9C35FB-5D49-45C0-8990-36F1EF745D3F} = {211A7BE8-513D-4759-8E51-AD79982E1288}
		{1EB81512-CAC5-43C7-9646-DCFD3F6CE0ED} = {211A7BE8-513D-4759-8E51-AD79982E1288}
		{3FEB42F9-788F-4506-8CD8-A0AF2906EC00} = {211A7BE8-513D-4759-8E51-AD79982E1288}
		{A0CB7442-5B1E-49F4-A751-391331CE114B} = {774FE427-98A4-47B0-B1EC-30DC755696A6}
		{E8AEAEAC-944A-4DE0-8C91-9693C64A62AD} = {774FE427-98A4-47B0-B1EC-30DC755696A6}
		{2EF469C3-8E42-4086-92F9-E558D31CAD1C} = {774FE427-98A4-47B0-B1EC-30DC755696A6}
		{E372105F-F872-4D3A-9D3A-0E792EC7F0D2} = {F827DB3A-6CF6-4D2F-B2D5-305678D409CE}
		{AB3E6335-BD26-46F0-9F9E-9AA947B875B7} = {33691FF0-310F-4675-8A41-04E96BF98E23}
		{6B6C8979-E2AD-4D73-A707-DADBD9057054} = {33691FF0-310F-4675-8A41-04E96BF98E23}
	EndGlobalSection
	GlobalSection(ExtensibilityGlobals) = postSolution
		SolutionGuid = {3739D4B2-3CBD-40EB-B9A8-D064E5EC1F00}
	EndGlobalSection
EndGlobal
